
Microsoft Visual Studio Solution File, Format Version 12.00
# Visual Studio Version 17
VisualStudioVersion = 17.9.34728.123
MinimumVisualStudioVersion = 10.0.40219.1
Project("{FAE04EC0-301F-11D3-BF4B-00C04F79EFBC}") = "IntegrationTestingToDoAPI", "IntegrationTestingToDoAPI.csproj", "{0B82DF27-3DF1-46EE-8FE4-CDCFA05B2A31}"
EndProject
Project("{FAE04EC0-301F-11D3-BF4B-00C04F79EFBC}") = "IntegrationTestingToDoAPITest", "..\IntegrationTestingToDoAPITest\IntegrationTestingToDoAPITest.csproj", "{5B5100B1-05A4-403F-AF5F-D5626239E48D}"
EndProject
Global
	GlobalSection(SolutionConfigurationPlatforms) = preSolution
		Debug|Any CPU = Debug|Any CPU
		Release|Any CPU = Release|Any CPU
	EndGlobalSection
	GlobalSection(ProjectConfigurationPlatforms) = postSolution
		{0B82DF27-3DF1-46EE-8FE4-CDCFA05B2A31}.Debug|Any CPU.ActiveCfg = Debug|Any CPU
		{0B82DF27-3DF1-46EE-8FE4-CDCFA05B2A31}.Debug|Any CPU.Build.0 = Debug|Any CPU
		{0B82DF27-3DF1-46EE-8FE4-CDCFA05B2A31}.Release|Any CPU.ActiveCfg = Release|Any CPU
		{0B82DF27-3DF1-46EE-8FE4-CDCFA05B2A31}.Release|Any CPU.Build.0 = Release|Any CPU
		{5B5100B1-05A4-403F-AF5F-D5626239E48D}.Debug|Any CPU.ActiveCfg = Debug|Any CPU
		{5B5100B1-05A4-403F-AF5F-D5626239E48D}.Debug|Any CPU.Build.0 = Debug|Any CPU
		{5B5100B1-05A4-403F-AF5F-D5626239E48D}.Release|Any CPU.ActiveCfg = Release|Any CPU
		{5B5100B1-05A4-403F-AF5F-D5626239E48D}.Release|Any CPU.Build.0 = Release|Any CPU
	EndGlobalSection
	GlobalSection(SolutionProperties) = preSolution
		HideSolutionNode = FALSE
	EndGlobalSection
	GlobalSection(ExtensibilityGlobals) = postSolution
		SolutionGuid = {A8AF046B-1553-43B4-8A67-99D63565BE98}
	EndGlobalSection
EndGlobal
